{
  "nodes": {
    "libdave-src": {
      "flake": false,
      "locked": {
        "lastModified": 1769732177,
        "narHash": "sha256-ALDmtAjSkjnLDcmtpvcwiN7dPvpOgOTNFolr/H3SqsE=",
        "owner": "discord",
        "repo": "libdave",
        "rev": "52cd56dc550f447fb354b3a06c9e2d2e2a4309c6",
        "type": "github"
      },
      "original": {
        "owner": "discord",
        "repo": "libdave",
        "type": "github"
      }
    },
    "nixpkgs": {
      "locked": {
        "lastModified": 1754689972,
        "narHash": "sha256-eogqv6FqZXHgqrbZzHnq43GalnRbLTkbBbFtEfm1RSc=",
        "owner": "NixOS",
        "repo": "nixpkgs",
        "rev": "fc756aa6f5d3e2e5666efcf865d190701fef150a",
        "type": "github"
      },
      "original": {
        "owner": "NixOS",
        "ref": "nixos-25.05",
        "repo": "nixpkgs",
        "type": "github"
      }
    },
    "root": {
      "inputs": {
        "libdave-src": "libdave-src",
        "nixpkgs": "nixpkgs"
      }
    }
  },
  "root": "root",
  "version": 7
}
